<?xml version="1.0" encoding="utf-8"?>
<Project ToolsVersion="4.0" xmlns="http://schemas.microsoft.com/developer/msbuild/2003">
  <ItemGroup>
    <Filter Include="Header Files">
      <UniqueIdentifier>{93995380-89BD-4b04-88EB-625FBE52EBFB}</UniqueIdentifier>
      <Extensions>h;hh;hpp;hxx;hm;inl;inc;ipp;xsd</Extensions>
    </Filter>
    <Filter Include="Header Files\Components">
      <UniqueIdentifier>{8989b9c6-9ca4-49c2-896a-3800e06665c2}</UniqueIdentifier>
    </Filter>
    <Filter Include="Header Files\Deps">
      <UniqueIdentifier>{84707605-e4e2-41a8-ac51-cb9f74c705e9}</UniqueIdentifier>
    </Filter>
    <Filter Include="Source Files">
      <UniqueIdentifier>{4FC737F1-C7A5-4376-A066-2A32D752A2FF}</UniqueIdentifier>
      <Extensions>cpp;c;cc;cxx;def;odl;idl;hpj;bat;asm;asmx</Extensions>
    </Filter>
    <Filter Include="Source Files\Components">
      <UniqueIdentifier>{3e81d2f3-5e09-40e7-8fde-cbc2c0140c03}</UniqueIdentifier>
    </Filter>
    <Filter Include="Source Files\Deps">
      <UniqueIdentifier>{b4fd556a-fa4d-4124-be93-652de78309b4}</UniqueIdentifier>
    </Filter>
    <Filter Include="Source Files\Deps\Imgui">
      <UniqueIdentifier>{46e9d96c-89ec-463e-9669-c3db8ebb32b5}</UniqueIdentifier>
    </Filter>
    <Filter Include="Resource Files">
      <UniqueIdentifier>{67DA6AB6-F800-4c08-8B7A-83BB121AAD01}</UniqueIdentifier>
      <Extensions>rc;ico;cur;bmp;dlg;rc2;rct;bin;rgs;gif;jpg;jpeg;jpe;resx;tiff;tif;png;wav;mfcribbon-ms</Extensions>
    </Filter>
  </ItemGroup>
  <ItemGroup>
    <ClCompile Include="source\main.cpp">
      <Filter>Source Files</Filter>
    </ClCompile>
    <ClCompile Include="source\Scene.cpp">
      <Filter>Source Files</Filter>
    </ClCompile>
    <ClCompile Include="source\BrainComponent.cpp">
      <Filter>Source Files\Components</Filter>
    </ClCompile>
    <ClCompile Include="source\Component.cpp">
      <Filter>Source Files\Components</Filter>
    </ClCompile>
    <ClCompile Include="source\ModelComponent.cpp">
      <Filter>Source Files\Components</Filter>
    </ClCompile>
    <ClCompile Include="source\TransformComponent.cpp">
      <Filter>Source Files\Components</Filter>
    </ClCompile>
    <ClCompile Include="glad.c">
      <Filter>Source Files\Deps</Filter>
    </ClCompile>
    <ClCompile Include="source\Entity.cpp">
      <Filter>Source Files</Filter>
    </ClCompile>
    <ClCompile Include="..\deps\include\imgui\imgui.cpp">
      <Filter>Source Files\Deps\Imgui</Filter>
    </ClCompile>
    <ClCompile Include="..\deps\include\imgui\imgui_demo.cpp">
      <Filter>Source Files\Deps\Imgui</Filter>
    </ClCompile>
    <ClCompile Include="..\deps\include\imgui\imgui_draw.cpp">
      <Filter>Source Files\Deps\Imgui</Filter>
    </ClCompile>
    <ClCompile Include="..\deps\include\imgui\imgui_impl_glfw.cpp">
      <Filter>Source Files\Deps\Imgui</Filter>
    </ClCompile>
    <ClCompile Include="..\deps\include\imgui\imgui_impl_opengl3.cpp">
      <Filter>Source Files\Deps\Imgui</Filter>
    </ClCompile>
    <ClCompile Include="..\deps\include\imgui\imgui_widgets.cpp">
      <Filter>Source Files\Deps\Imgui</Filter>
    </ClCompile>
    <ClCompile Include="source\DebugUI.cpp">
      <Filter>Source Files</Filter>
    </ClCompile>
    <ClCompile Include="source\Application.cpp">
      <Filter>Source Files</Filter>
    </ClCompile>
    <ClCompile Include="include\ColliderComponent.cpp">
      <Filter>Source Files\Components</Filter>
    </ClCompile>
    <ClCompile Include="source\Gizmos.cpp">
      <Filter>Source Files\Deps</Filter>
    </ClCompile>
  </ItemGroup>
  <ItemGroup>
    <ClInclude Include="..\deps\include\learnopengl\camera.h">
      <Filter>Header Files\Deps</Filter>
    </ClInclude>
    <ClInclude Include="..\deps\include\learnopengl\mesh.h">
      <Filter>Header Files\Deps</Filter>
    </ClInclude>
    <ClInclude Include="..\deps\include\learnopengl\model.h">
      <Filter>Header Files\Deps</Filter>
    </ClInclude>
    <ClInclude Include="..\deps\include\learnopengl\shader.h">
      <Filter>Header Files\Deps</Filter>
    </ClInclude>
    <ClInclude Include="..\deps\include\stb\stb_image.h">
      <Filter>Header Files\Deps</Filter>
    </ClInclude>
    <ClInclude Include="include\Entity.h">
      <Filter>Header Files</Filter>
    </ClInclude>
    <ClInclude Include="include\resource.h">
      <Filter>Header Files</Filter>
    </ClInclude>
    <ClInclude Include="include\Scene.h">
      <Filter>Header Files</Filter>
    </ClInclude>
    <ClInclude Include="include\DebugUI.h">
      <Filter>Header Files</Filter>
    </ClInclude>
    <ClInclude Include="include\Application.h">
      <Filter>Header Files</Filter>
    </ClInclude>
    <ClInclude Include="include\BrainComponent.h">
      <Filter>Header Files\Components</Filter>
    </ClInclude>
    <ClInclude Include="include\ModelComponent.h">
      <Filter>Header Files\Components</Filter>
    </ClInclude>
    <ClInclude Include="include\TransformComponent.h">
      <Filter>Header Files\Components</Filter>
    </ClInclude>
    <ClInclude Include="include\ColliderComponent.h">
      <Filter>Header Files\Components</Filter>
    </ClInclude>
    <ClInclude Include="include\Component.h">
      <Filter>Header Files\Components</Filter>
    </ClInclude>
    <ClInclude Include="include\Gizmos.h">
      <Filter>Header Files\Deps</Filter>
    </ClInclude>
  </ItemGroup>
  <ItemGroup>
    <ResourceCompile Include="ModelLoader.rc">
      <Filter>Resource Files</Filter>
    </ResourceCompile>
  </ItemGroup>
</Project>